{
  "nodes": {
    "nixpkgs": {
      "locked": {
        "lastModified": 1639017129,
        "narHash": "sha256-8uG/4DRajmFOUXQlWILy9PFF3Wv3uPuCRzFl/Ly3IpY=",
        "owner": "NixOS",
        "repo": "nixpkgs",
        "rev": "595b2e2e8ff6c91ac3767e9c7084d3be032db801",
        "type": "github"
      },
      "original": {
        "id": "nixpkgs",
        "type": "indirect"
      }
    },
    "root": {
      "inputs": {
        "nixpkgs": "nixpkgs"
      }
    }
  },
  "root": "root",
  "version": 7
}
